
Microsoft Visual Studio Solution File, Format Version 12.00
# Visual Studio Version 16
VisualStudioVersion = 16.0.32901.82
MinimumVisualStudioVersion = 10.0.40219.1
Project("{8BC9CEB8-8B4A-11D0-8D11-00A0C91BC942}") = "DataConteiners", "DataConteiners\DataConteiners.vcxproj", "{25859562-90D9-459F-991E-351306805363}"
EndProject
Project("{8BC9CEB8-8B4A-11D0-8D11-00A0C91BC942}") = "ForwardList", "ForwardList\ForwardList.vcxproj", "{3D4AB026-07F9-4264-A4AB-CC346F443CE1}"
EndProject
Project("{8BC9CEB8-8B4A-11D0-8D11-00A0C91BC942}") = "List2", "List2\List2.vcxproj", "{1413CEAA-51DE-47DF-AD52-4BFD39DDAEBB}"
EndProject
Project("{8BC9CEB8-8B4A-11D0-8D11-00A0C91BC942}") = "BinaryTree", "BinaryTree\BinaryTree.vcxproj", "{5E3FFB06-7707-429C-B060-C4EFD2D73330}"
EndProject
Global
	GlobalSection(SolutionConfigurationPlatforms) = preSolution
		Debug|x64 = Debug|x64
		Debug|x86 = Debug|x86
		Release|x64 = Release|x64
		Release|x86 = Release|x86
	EndGlobalSection
	GlobalSection(ProjectConfigurationPlatforms) = postSolution
		{25859562-90D9-459F-991E-351306805363}.Debug|x64.ActiveCfg = Debug|x64
		{25859562-90D9-459F-991E-351306805363}.Debug|x64.Build.0 = Debug|x64
		{25859562-90D9-459F-991E-351306805363}.Debug|x86.ActiveCfg = Debug|Win32
		{25859562-90D9-459F-991E-351306805363}.Debug|x86.Build.0 = Debug|Win32
		{25859562-90D9-459F-991E-351306805363}.Release|x64.ActiveCfg = Release|x64
		{25859562-90D9-459F-991E-351306805363}.Release|x64.Build.0 = Release|x64
		{25859562-90D9-459F-991E-351306805363}.Release|x86.ActiveCfg = Release|Win32
		{25859562-90D9-459F-991E-351306805363}.Release|x86.Build.0 = Release|Win32
		{3D4AB026-07F9-4264-A4AB-CC346F443CE1}.Debug|x64.ActiveCfg = Debug|x64
		{3D4AB026-07F9-4264-A4AB-CC346F443CE1}.Debug|x64.Build.0 = Debug|x64
		{3D4AB026-07F9-4264-A4AB-CC346F443CE1}.Debug|x86.ActiveCfg = Debug|Win32
		{3D4AB026-07F9-4264-A4AB-CC346F443CE1}.Debug|x86.Build.0 = Debug|Win32
		{3D4AB026-07F9-4264-A4AB-CC346F443CE1}.Release|x64.ActiveCfg = Release|x64
		{3D4AB026-07F9-4264-A4AB-CC346F443CE1}.Release|x64.Build.0 = Release|x64
		{3D4AB026-07F9-4264-A4AB-CC346F443CE1}.Release|x86.ActiveCfg = Release|Win32
		{3D4AB026-07F9-4264-A4AB-CC346F443CE1}.Release|x86.Build.0 = Release|Win32
		{1413CEAA-51DE-47DF-AD52-4BFD39DDAEBB}.Debug|x64.ActiveCfg = Debug|x64
		{1413CEAA-51DE-47DF-AD52-4BFD39DDAEBB}.Debug|x64.Build.0 = Debug|x64
		{1413CEAA-51DE-47DF-AD52-4BFD39DDAEBB}.Debug|x86.ActiveCfg = Debug|Win32
		{1413CEAA-51DE-47DF-AD52-4BFD39DDAEBB}.Debug|x86.Build.0 = Debug|Win32
		{1413CEAA-51DE-47DF-AD52-4BFD39DDAEBB}.Release|x64.ActiveCfg = Release|x64
		{1413CEAA-51DE-47DF-AD52-4BFD39DDAEBB}.Release|x64.Build.0 = Release|x64
		{1413CEAA-51DE-47DF-AD52-4BFD39DDAEBB}.Release|x86.ActiveCfg = Release|Win32
		{1413CEAA-51DE-47DF-AD52-4BFD39DDAEBB}.Release|x86.Build.0 = Release|Win32
		{5E3FFB06-7707-429C-B060-C4EFD2D73330}.Debug|x64.ActiveCfg = Debug|x64
		{5E3FFB06-7707-429C-B060-C4EFD2D73330}.Debug|x64.Build.0 = Debug|x64
		{5E3FFB06-7707-429C-B060-C4EFD2D73330}.Debug|x86.ActiveCfg = Debug|Win32
		{5E3FFB06-7707-429C-B060-C4EFD2D73330}.Debug|x86.Build.0 = Debug|Win32
		{5E3FFB06-7707-429C-B060-C4EFD2D73330}.Release|x64.ActiveCfg = Release|x64
		{5E3FFB06-7707-429C-B060-C4EFD2D73330}.Release|x64.Build.0 = Release|x64
		{5E3FFB06-7707-429C-B060-C4EFD2D73330}.Release|x86.ActiveCfg = Release|Win32
		{5E3FFB06-7707-429C-B060-C4EFD2D73330}.Release|x86.Build.0 = Release|Win32
	EndGlobalSection
	GlobalSection(SolutionProperties) = preSolution
		HideSolutionNode = FALSE
	EndGlobalSection
	GlobalSection(ExtensibilityGlobals) = postSolution
		SolutionGuid = {B52A83BE-AD31-43D8-8262-9B685AF4367A}
	EndGlobalSection
EndGlobal
